
Microsoft Visual Studio Solution File, Format Version 12.00
# Visual Studio 15
VisualStudioVersion = 15.0.28307.572
MinimumVisualStudioVersion = 10.0.40219.1
Project("{888888A0-9F3D-457C-B088-3A5042F75D52}") = "i4SC", "i4SC\i4SC.pyproj", "{AACF0EB8-E1F9-467D-85E3-B9B7FB082543}"
EndProject
Project("{888888A0-9F3D-457C-B088-3A5042F75D52}") = "Packaging System", "Packaging System\Packaging System.pyproj", "{060F9CAB-DCC6-4F19-B072-38C21E7DED67}"
EndProject
Global
	GlobalSection(SolutionConfigurationPlatforms) = preSolution
		Debug|Any CPU = Debug|Any CPU
		Release|Any CPU = Release|Any CPU
	EndGlobalSection
	GlobalSection(ProjectConfigurationPlatforms) = postSolution
		{AACF0EB8-E1F9-467D-85E3-B9B7FB082543}.Debug|Any CPU.ActiveCfg = Debug|Any CPU
		{AACF0EB8-E1F9-467D-85E3-B9B7FB082543}.Release|Any CPU.ActiveCfg = Release|Any CPU
		{060F9CAB-DCC6-4F19-B072-38C21E7DED67}.Debug|Any CPU.ActiveCfg = Debug|Any CPU
		{060F9CAB-DCC6-4F19-B072-38C21E7DED67}.Debug|Any CPU.Build.0 = Debug|Any CPU
		{060F9CAB-DCC6-4F19-B072-38C21E7DED67}.Release|Any CPU.ActiveCfg = Release|Any CPU
		{060F9CAB-DCC6-4F19-B072-38C21E7DED67}.Release|Any CPU.Build.0 = Release|Any CPU
	EndGlobalSection
	GlobalSection(SolutionProperties) = preSolution
		HideSolutionNode = FALSE
	EndGlobalSection
	GlobalSection(ExtensibilityGlobals) = postSolution
		SolutionGuid = {BD3F9ADB-7EE6-41DF-8099-02C2BA46102C}
	EndGlobalSection
EndGlobal
